schema: '2.0'
stages:
  data_prep:
    cmd: python src/data_prep.py
    deps:
    - path: data/raw/telco_churn.csv
      hash: md5
      md5: 006527876bfe18c977d74eb4bc59443f
      size: 873370
    - path: src/data_prep.py
      hash: md5
      md5: 8444d47c91e8d94b5fafadedc89eac8b
      size: 1133
    outs:
    - path: data/processed/telco_churn_clean.csv
      hash: md5
      md5: 807cea6b20fdeb33112416662400ceb3
      size: 4688992
  train:
    cmd: python src/train.py
    deps:
    - path: data/processed/telco_churn_clean.csv
      hash: md5
      md5: 807cea6b20fdeb33112416662400ceb3
      size: 4688992
    - path: params.yaml
      hash: md5
      md5: 11646271ae02c8f4b0d34a5ccf63ae95
      size: 296
    - path: src/train.py
      hash: md5
      md5: 0d39d3a67464509e92a4f6444eb8bf73
      size: 3199
    params:
      params.yaml:
        model.C: 0.5
        model.max_iter: 300
        model.solver: lbfgs
        path.metrics_path: metrics/metrics.json
        path.model_path: models/telco_churn_model.pkl
        path.raw_data: data/raw/telco_churn.csv
        split.random_state: 42
        split.test_size: 0.3
    outs:
    - path: metrics/metrics.json
      hash: md5
      md5: f563264b4719d430150e61fc91a06ebf
      size: 64
    - path: models/telco_churn_model.pkl
      hash: md5
      md5: d3723ebe150aed0b29d2d4cbd8d564ab
      size: 1935
