schema: '2.0'
stages:
  data_prep:
    cmd: python src/data_prep.py
    deps:
    - path: data/raw/telco_churn.csv
      hash: md5
      md5: 006527876bfe18c977d74eb4bc59443f
      size: 873370
    - path: src/data_prep.py
      hash: md5
      md5: 8444d47c91e8d94b5fafadedc89eac8b
      size: 1133
    outs:
    - path: data/processed/telco_churn_clean.csv
      hash: md5
      md5: 807cea6b20fdeb33112416662400ceb3
      size: 4688992
  train:
    cmd: python src/train.py
    deps:
    - path: data/raw/telco_churn.csv
      hash: md5
      md5: 006527876bfe18c977d74eb4bc59443f
      size: 873370
    - path: params.yaml
      hash: md5
      md5: b9523b459a393f5947face9e8ba10e5d
      size: 243
    - path: src/train.py
      hash: md5
      md5: c5fc24abf0dc8546c8530f3e772d2972
      size: 3197
    params:
      params.yaml:
        model.C: 2.0
        model.max_iter: 50
        model.solver: saga
        path.metrics_path: metrics/metrics.json
        path.model_path: models/telco_churn_model.pkl
        path.raw_data: data/raw/telco_churn.csv
        split.random_state: 42
        split.test_size: 0.2
    outs:
    - path: metrics/metrics.json
      hash: md5
      md5: 8925dea535335e87db72895733d9d3f2
      size: 52
    - path: models/telco_churn_model.pkl
      hash: md5
      md5: 1cc605503ac688a1d0c69cd15d76c1eb
      size: 1759
